
Microsoft Visual Studio Solution File, Format Version 12.00
# Visual Studio 15
VisualStudioVersion = 15.0.28010.2016
MinimumVisualStudioVersion = 10.0.40219.1
Project("{FAE04EC0-301F-11D3-BF4B-00C04F79EFBC}") = "SharpShell", "SharpShell\SharpShell.csproj", "{BDBA47C5-E823-4404-91D0-7F6561279525}"
EndProject
Project("{9A19103F-16F7-4668-BE54-9A1E7A4F7556}") = "SharpShell.API", "SharpShell.API\SharpShell.API.csproj", "{09FDD9AA-90B1-4F86-B283-3DF519CA8628}"
EndProject
Project("{FAE04EC0-301F-11D3-BF4B-00C04F79EFBC}") = "SharpShell.API.SharpShell", "SharpShell.API.SharpShell\SharpShell.API.SharpShell.csproj", "{B84548DC-D926-4B39-8293-FA0BDEF34D49}"
EndProject
Global
	GlobalSection(SolutionConfigurationPlatforms) = preSolution
		Debug|Any CPU = Debug|Any CPU
		Release|Any CPU = Release|Any CPU
	EndGlobalSection
	GlobalSection(ProjectConfigurationPlatforms) = postSolution
		{BDBA47C5-E823-4404-91D0-7F6561279525}.Debug|Any CPU.ActiveCfg = Debug|Any CPU
		{BDBA47C5-E823-4404-91D0-7F6561279525}.Debug|Any CPU.Build.0 = Debug|Any CPU
		{BDBA47C5-E823-4404-91D0-7F6561279525}.Release|Any CPU.ActiveCfg = Release|Any CPU
		{BDBA47C5-E823-4404-91D0-7F6561279525}.Release|Any CPU.Build.0 = Release|Any CPU
		{09FDD9AA-90B1-4F86-B283-3DF519CA8628}.Debug|Any CPU.ActiveCfg = Debug|Any CPU
		{09FDD9AA-90B1-4F86-B283-3DF519CA8628}.Debug|Any CPU.Build.0 = Debug|Any CPU
		{09FDD9AA-90B1-4F86-B283-3DF519CA8628}.Release|Any CPU.ActiveCfg = Release|Any CPU
		{09FDD9AA-90B1-4F86-B283-3DF519CA8628}.Release|Any CPU.Build.0 = Release|Any CPU
		{B84548DC-D926-4B39-8293-FA0BDEF34D49}.Debug|Any CPU.ActiveCfg = Debug|Any CPU
		{B84548DC-D926-4B39-8293-FA0BDEF34D49}.Debug|Any CPU.Build.0 = Debug|Any CPU
		{B84548DC-D926-4B39-8293-FA0BDEF34D49}.Release|Any CPU.ActiveCfg = Release|Any CPU
		{B84548DC-D926-4B39-8293-FA0BDEF34D49}.Release|Any CPU.Build.0 = Release|Any CPU
	EndGlobalSection
	GlobalSection(SolutionProperties) = preSolution
		HideSolutionNode = FALSE
	EndGlobalSection
	GlobalSection(ExtensibilityGlobals) = postSolution
		SolutionGuid = {508697D8-3450-4B88-B90C-B89C5ED758FB}
	EndGlobalSection
EndGlobal
